schema: '2.0'
stages:
  train@model-1:
    cmd: python train.py
    deps:
    - path: data
      md5: 22ac7bd6debda43abfbda4ba90bad4d4.dir
      size: 14
      nfiles: 1
    - path: train.py
      md5: 63c6adcd9eaaf8ba62ed036336bdf6a8
      size: 800
    params:
      params.yaml:
        epochs: 100
        res: 0.89
    outs:
    - path: ../dvclive/model-1/metrics.json
      md5: ee870f6fc90c1fcff75082d5e914aaad
      size: 80
    - path: ../dvclive/model-1/plots/metrics/acc.tsv
      md5: 787245c4e612c173d290bb0e9210244d
      size: 3558
    - path: model.pkl
      md5: 9bf9420263ef48d84c5de7aef39edb89
      size: 30
  train@model-2:
    cmd: python train.py
    deps:
    - path: data
      md5: c9be04e74f247fa484b713ca682a4a43.dir
      size: 21
      nfiles: 1
    - path: train.py
      md5: 9c6c346466fb1ec6421593389fda0f58
      size: 800
    params:
      params.yaml:
        epochs: 78
        res: 0.71
    outs:
    - path: ../dvclive/model-2/metrics.json
      md5: ce6ebebdcd9f67d8c145cd43fc18d0d2
      size: 79
    - path: ../dvclive/model-2/plots/metrics/acc.tsv
      md5: 5cc3c68699441a829047fe087fcb9580
      size: 2789
    - path: model.pkl
      md5: b0e8865416da765a739612a2035b0a8b
      size: 30
  evaluate:
    cmd: python evaluate.py
    deps:
    - path: dvclive
      md5: ff0e7cf2e3dc37477340c344ac78a14e.dir
      size: 6506
      nfiles: 4
    outs:
    - path: evaluation/metrics.json
      md5: 131ce941a06cbb09344090df633e292a
      size: 18
