schema: '2.0'
stages:
  train@model-1:
    cmd: python train.py
    deps:
    - path: data
      md5: 22ac7bd6debda43abfbda4ba90bad4d4.dir
      size: 14
      nfiles: 1
    - path: train.py
      md5: 8da782486ff5a9cbbb5c521d59d75fd3
      size: 675
    params:
      params.yaml:
        epochs: 100
        res: 0.89
    outs:
    - path: ../dvclive/model-1/metrics.json
      md5: ee870f6fc90c1fcff75082d5e914aaad
      size: 80
    - path: ../dvclive/model-1/plots/metrics/acc.tsv
      md5: 52c93a32e2974bbc9c4c3f010387a219
      size: 3659
  train@model-2:
    cmd: python train.py
    deps:
    - path: data
      md5: c9be04e74f247fa484b713ca682a4a43.dir
      size: 21
      nfiles: 1
    - path: train.py
      md5: d8e349b00f7946cc6691fbe69d2f159b
      size: 673
    params:
      params.yaml:
        epochs: 78
        res: 0.71
    outs:
    - path: ../dvclive/model-2/metrics.json
      md5: ce6ebebdcd9f67d8c145cd43fc18d0d2
      size: 79
    - path: ../dvclive/model-2/plots/metrics/acc.tsv
      md5: 460eb89475debc42d2c94da1f13cae26
      size: 2868
  evaluate:
    cmd: python evaluate.py
    deps:
    - path: dvclive
      md5: d439c59138cbe948f18cd3423cec878c.dir
      size: 6686
      nfiles: 4
    outs:
    - path: evaluation/metrics.json
      md5: 131ce941a06cbb09344090df633e292a
      size: 18
